
Microsoft Visual Studio Solution File, Format Version 12.00
# Visual Studio 2013
VisualStudioVersion = 12.0.31101.0
MinimumVisualStudioVersion = 10.0.40219.1
Project("{FAE04EC0-301F-11D3-BF4B-00C04F79EFBC}") = "kokos.WPF", "kokos.WPF\kokos.WPF.csproj", "{4FE32243-40C6-42AF-B0F5-16599B53A8F8}"
EndProject
Project("{2150E333-8FDC-42A3-9474-1A3956D46DE8}") = ".nuget", ".nuget", "{086C0116-1BFD-47AF-83AD-AD3457E9066B}"
	ProjectSection(SolutionItems) = preProject
		.nuget\NuGet.Config = .nuget\NuGet.Config
		.nuget\NuGet.exe = .nuget\NuGet.exe
		.nuget\NuGet.targets = .nuget\NuGet.targets
	EndProjectSection
EndProject
Project("{FAE04EC0-301F-11D3-BF4B-00C04F79EFBC}") = "kokos.Analytics", "kokos.Analytics\kokos.Analytics.csproj", "{E4DABB5D-9CE1-45B1-B3A1-A8791D0357DD}"
EndProject
Project("{FAE04EC0-301F-11D3-BF4B-00C04F79EFBC}") = "kokos.Communication", "kokos.Communication\kokos.Communication.csproj", "{044A378B-B851-44A6-BE34-3CB97469896E}"
EndProject
Project("{FAE04EC0-301F-11D3-BF4B-00C04F79EFBC}") = "kokos.Abstractions", "kokos.Abstractions\kokos.Abstractions.csproj", "{3FBB774B-66FF-4465-AE0C-38F101E30EF3}"
EndProject
Project("{2150E333-8FDC-42A3-9474-1A3956D46DE8}") = "3rd Party", "3rd Party", "{07483A77-9C56-4EB8-89F2-960F413CB0F3}"
EndProject
Project("{FAE04EC0-301F-11D3-BF4B-00C04F79EFBC}") = "kokos.Test", "kokos.Test\kokos.Test.csproj", "{C3CFCE53-00DA-48C0-8681-E707FC0893F1}"
EndProject
Project("{FAE04EC0-301F-11D3-BF4B-00C04F79EFBC}") = "xAPI", "3rd Party\xtb\API\xAPI.csproj", "{E6579243-3960-4976-8E7A-2A627628BC92}"
EndProject
Project("{FAE04EC0-301F-11D3-BF4B-00C04F79EFBC}") = "Inspirel.YAMI", "3rd Party\xtb\YAMI\Inspirel.YAMI.csproj", "{036104E8-049C-469E-B1C1-D866E3AC5856}"
EndProject
Global
	GlobalSection(SolutionConfigurationPlatforms) = preSolution
		Debug|Any CPU = Debug|Any CPU
		Debug|ARM = Debug|ARM
		Debug|x64 = Debug|x64
		Debug|x86 = Debug|x86
		Release|Any CPU = Release|Any CPU
		Release|ARM = Release|ARM
		Release|x64 = Release|x64
		Release|x86 = Release|x86
	EndGlobalSection
	GlobalSection(ProjectConfigurationPlatforms) = postSolution
		{4FE32243-40C6-42AF-B0F5-16599B53A8F8}.Debug|Any CPU.ActiveCfg = Debug|Any CPU
		{4FE32243-40C6-42AF-B0F5-16599B53A8F8}.Debug|Any CPU.Build.0 = Debug|Any CPU
		{4FE32243-40C6-42AF-B0F5-16599B53A8F8}.Debug|ARM.ActiveCfg = Debug|Any CPU
		{4FE32243-40C6-42AF-B0F5-16599B53A8F8}.Debug|x64.ActiveCfg = Debug|Any CPU
		{4FE32243-40C6-42AF-B0F5-16599B53A8F8}.Debug|x86.ActiveCfg = Debug|Any CPU
		{4FE32243-40C6-42AF-B0F5-16599B53A8F8}.Release|Any CPU.ActiveCfg = Release|Any CPU
		{4FE32243-40C6-42AF-B0F5-16599B53A8F8}.Release|Any CPU.Build.0 = Release|Any CPU
		{4FE32243-40C6-42AF-B0F5-16599B53A8F8}.Release|ARM.ActiveCfg = Release|Any CPU
		{4FE32243-40C6-42AF-B0F5-16599B53A8F8}.Release|x64.ActiveCfg = Release|Any CPU
		{4FE32243-40C6-42AF-B0F5-16599B53A8F8}.Release|x86.ActiveCfg = Release|Any CPU
		{E4DABB5D-9CE1-45B1-B3A1-A8791D0357DD}.Debug|Any CPU.ActiveCfg = Debug|Any CPU
		{E4DABB5D-9CE1-45B1-B3A1-A8791D0357DD}.Debug|Any CPU.Build.0 = Debug|Any CPU
		{E4DABB5D-9CE1-45B1-B3A1-A8791D0357DD}.Debug|ARM.ActiveCfg = Debug|Any CPU
		{E4DABB5D-9CE1-45B1-B3A1-A8791D0357DD}.Debug|x64.ActiveCfg = Debug|Any CPU
		{E4DABB5D-9CE1-45B1-B3A1-A8791D0357DD}.Debug|x86.ActiveCfg = Debug|Any CPU
		{E4DABB5D-9CE1-45B1-B3A1-A8791D0357DD}.Release|Any CPU.ActiveCfg = Release|Any CPU
		{E4DABB5D-9CE1-45B1-B3A1-A8791D0357DD}.Release|Any CPU.Build.0 = Release|Any CPU
		{E4DABB5D-9CE1-45B1-B3A1-A8791D0357DD}.Release|ARM.ActiveCfg = Release|Any CPU
		{E4DABB5D-9CE1-45B1-B3A1-A8791D0357DD}.Release|x64.ActiveCfg = Release|Any CPU
		{E4DABB5D-9CE1-45B1-B3A1-A8791D0357DD}.Release|x86.ActiveCfg = Release|Any CPU
		{044A378B-B851-44A6-BE34-3CB97469896E}.Debug|Any CPU.ActiveCfg = Debug|Any CPU
		{044A378B-B851-44A6-BE34-3CB97469896E}.Debug|Any CPU.Build.0 = Debug|Any CPU
		{044A378B-B851-44A6-BE34-3CB97469896E}.Debug|ARM.ActiveCfg = Debug|Any CPU
		{044A378B-B851-44A6-BE34-3CB97469896E}.Debug|x64.ActiveCfg = Debug|Any CPU
		{044A378B-B851-44A6-BE34-3CB97469896E}.Debug|x86.ActiveCfg = Debug|Any CPU
		{044A378B-B851-44A6-BE34-3CB97469896E}.Release|Any CPU.ActiveCfg = Release|Any CPU
		{044A378B-B851-44A6-BE34-3CB97469896E}.Release|Any CPU.Build.0 = Release|Any CPU
		{044A378B-B851-44A6-BE34-3CB97469896E}.Release|ARM.ActiveCfg = Release|Any CPU
		{044A378B-B851-44A6-BE34-3CB97469896E}.Release|x64.ActiveCfg = Release|Any CPU
		{044A378B-B851-44A6-BE34-3CB97469896E}.Release|x86.ActiveCfg = Release|Any CPU
		{3FBB774B-66FF-4465-AE0C-38F101E30EF3}.Debug|Any CPU.ActiveCfg = Debug|Any CPU
		{3FBB774B-66FF-4465-AE0C-38F101E30EF3}.Debug|Any CPU.Build.0 = Debug|Any CPU
		{3FBB774B-66FF-4465-AE0C-38F101E30EF3}.Debug|ARM.ActiveCfg = Debug|Any CPU
		{3FBB774B-66FF-4465-AE0C-38F101E30EF3}.Debug|x64.ActiveCfg = Debug|Any CPU
		{3FBB774B-66FF-4465-AE0C-38F101E30EF3}.Debug|x86.ActiveCfg = Debug|Any CPU
		{3FBB774B-66FF-4465-AE0C-38F101E30EF3}.Release|Any CPU.ActiveCfg = Release|Any CPU
		{3FBB774B-66FF-4465-AE0C-38F101E30EF3}.Release|Any CPU.Build.0 = Release|Any CPU
		{3FBB774B-66FF-4465-AE0C-38F101E30EF3}.Release|ARM.ActiveCfg = Release|Any CPU
		{3FBB774B-66FF-4465-AE0C-38F101E30EF3}.Release|x64.ActiveCfg = Release|Any CPU
		{3FBB774B-66FF-4465-AE0C-38F101E30EF3}.Release|x86.ActiveCfg = Release|Any CPU
		{C3CFCE53-00DA-48C0-8681-E707FC0893F1}.Debug|Any CPU.ActiveCfg = Debug|Any CPU
		{C3CFCE53-00DA-48C0-8681-E707FC0893F1}.Debug|Any CPU.Build.0 = Debug|Any CPU
		{C3CFCE53-00DA-48C0-8681-E707FC0893F1}.Debug|ARM.ActiveCfg = Debug|Any CPU
		{C3CFCE53-00DA-48C0-8681-E707FC0893F1}.Debug|x64.ActiveCfg = Debug|Any CPU
		{C3CFCE53-00DA-48C0-8681-E707FC0893F1}.Debug|x86.ActiveCfg = Debug|Any CPU
		{C3CFCE53-00DA-48C0-8681-E707FC0893F1}.Release|Any CPU.ActiveCfg = Release|Any CPU
		{C3CFCE53-00DA-48C0-8681-E707FC0893F1}.Release|Any CPU.Build.0 = Release|Any CPU
		{C3CFCE53-00DA-48C0-8681-E707FC0893F1}.Release|ARM.ActiveCfg = Release|Any CPU
		{C3CFCE53-00DA-48C0-8681-E707FC0893F1}.Release|x64.ActiveCfg = Release|Any CPU
		{C3CFCE53-00DA-48C0-8681-E707FC0893F1}.Release|x86.ActiveCfg = Release|Any CPU
		{E6579243-3960-4976-8E7A-2A627628BC92}.Debug|Any CPU.ActiveCfg = Debug|Any CPU
		{E6579243-3960-4976-8E7A-2A627628BC92}.Debug|Any CPU.Build.0 = Debug|Any CPU
		{E6579243-3960-4976-8E7A-2A627628BC92}.Debug|ARM.ActiveCfg = Debug|Any CPU
		{E6579243-3960-4976-8E7A-2A627628BC92}.Debug|x64.ActiveCfg = Debug|Any CPU
		{E6579243-3960-4976-8E7A-2A627628BC92}.Debug|x86.ActiveCfg = Debug|Any CPU
		{E6579243-3960-4976-8E7A-2A627628BC92}.Release|Any CPU.ActiveCfg = Release|Any CPU
		{E6579243-3960-4976-8E7A-2A627628BC92}.Release|Any CPU.Build.0 = Release|Any CPU
		{E6579243-3960-4976-8E7A-2A627628BC92}.Release|ARM.ActiveCfg = Release|Any CPU
		{E6579243-3960-4976-8E7A-2A627628BC92}.Release|x64.ActiveCfg = Release|Any CPU
		{E6579243-3960-4976-8E7A-2A627628BC92}.Release|x86.ActiveCfg = Release|Any CPU
		{036104E8-049C-469E-B1C1-D866E3AC5856}.Debug|Any CPU.ActiveCfg = Debug|Any CPU
		{036104E8-049C-469E-B1C1-D866E3AC5856}.Debug|Any CPU.Build.0 = Debug|Any CPU
		{036104E8-049C-469E-B1C1-D866E3AC5856}.Debug|ARM.ActiveCfg = Debug|Any CPU
		{036104E8-049C-469E-B1C1-D866E3AC5856}.Debug|x64.ActiveCfg = Debug|Any CPU
		{036104E8-049C-469E-B1C1-D866E3AC5856}.Debug|x86.ActiveCfg = Debug|Any CPU
		{036104E8-049C-469E-B1C1-D866E3AC5856}.Release|Any CPU.ActiveCfg = Release|Any CPU
		{036104E8-049C-469E-B1C1-D866E3AC5856}.Release|Any CPU.Build.0 = Release|Any CPU
		{036104E8-049C-469E-B1C1-D866E3AC5856}.Release|ARM.ActiveCfg = Release|Any CPU
		{036104E8-049C-469E-B1C1-D866E3AC5856}.Release|x64.ActiveCfg = Release|Any CPU
		{036104E8-049C-469E-B1C1-D866E3AC5856}.Release|x86.ActiveCfg = Release|Any CPU
	EndGlobalSection
	GlobalSection(SolutionProperties) = preSolution
		HideSolutionNode = FALSE
	EndGlobalSection
	GlobalSection(NestedProjects) = preSolution
		{E6579243-3960-4976-8E7A-2A627628BC92} = {07483A77-9C56-4EB8-89F2-960F413CB0F3}
		{036104E8-049C-469E-B1C1-D866E3AC5856} = {07483A77-9C56-4EB8-89F2-960F413CB0F3}
	EndGlobalSection
EndGlobal
